
Microsoft Visual Studio Solution File, Format Version 12.00
# Visual Studio Version 16
VisualStudioVersion = 16.0.30225.117
MinimumVisualStudioVersion = 10.0.40219.1
Project("{FAE04EC0-301F-11D3-BF4B-00C04F79EFBC}") = "TaskFront", "TaskFront\TaskFront.csproj", "{E0DEF336-CA82-42B8-98F9-453B7EE4FEE9}"
EndProject
Project("{FAE04EC0-301F-11D3-BF4B-00C04F79EFBC}") = "WebApplication1", "WebApplication1\WebApplication1.csproj", "{E14CC024-1937-4C5B-81B6-852E4E4F6E72}"
EndProject
Global
	GlobalSection(SolutionConfigurationPlatforms) = preSolution
		Debug|Any CPU = Debug|Any CPU
		Release|Any CPU = Release|Any CPU
	EndGlobalSection
	GlobalSection(ProjectConfigurationPlatforms) = postSolution
		{E0DEF336-CA82-42B8-98F9-453B7EE4FEE9}.Debug|Any CPU.ActiveCfg = Debug|Any CPU
		{E0DEF336-CA82-42B8-98F9-453B7EE4FEE9}.Debug|Any CPU.Build.0 = Debug|Any CPU
		{E0DEF336-CA82-42B8-98F9-453B7EE4FEE9}.Release|Any CPU.ActiveCfg = Release|Any CPU
		{E0DEF336-CA82-42B8-98F9-453B7EE4FEE9}.Release|Any CPU.Build.0 = Release|Any CPU
		{E14CC024-1937-4C5B-81B6-852E4E4F6E72}.Debug|Any CPU.ActiveCfg = Debug|Any CPU
		{E14CC024-1937-4C5B-81B6-852E4E4F6E72}.Debug|Any CPU.Build.0 = Debug|Any CPU
		{E14CC024-1937-4C5B-81B6-852E4E4F6E72}.Release|Any CPU.ActiveCfg = Release|Any CPU
		{E14CC024-1937-4C5B-81B6-852E4E4F6E72}.Release|Any CPU.Build.0 = Release|Any CPU
	EndGlobalSection
	GlobalSection(SolutionProperties) = preSolution
		HideSolutionNode = FALSE
	EndGlobalSection
	GlobalSection(ExtensibilityGlobals) = postSolution
		SolutionGuid = {FB567BFD-202F-4AA1-ACA3-85CD64020270}
	EndGlobalSection
EndGlobal
